
Microsoft Visual Studio Solution File, Format Version 12.00
# Visual Studio 15
VisualStudioVersion = 15.0.27428.2005
MinimumVisualStudioVersion = 10.0.40219.1
Project("{8BC9CEB8-8B4A-11D0-8D11-00A0C91BC942}") = "Magic", "Magic\Magic.vcxproj", "{78758B83-A43F-406D-BA1F-137CA651AD63}"
EndProject
Project("{8BC9CEB8-8B4A-11D0-8D11-00A0C91BC942}") = "UnitTests", "UnitTests\UnitTests.vcxproj", "{613A32E0-681F-407F-A54D-3B2DE390E61B}"
	ProjectSection(ProjectDependencies) = postProject
		{78758B83-A43F-406D-BA1F-137CA651AD63} = {78758B83-A43F-406D-BA1F-137CA651AD63}
	EndProjectSection
EndProject
Global
	GlobalSection(SolutionConfigurationPlatforms) = preSolution
		Debug|x64 = Debug|x64
		Debug|x86 = Debug|x86
		Release|x64 = Release|x64
		Release|x86 = Release|x86
	EndGlobalSection
	GlobalSection(ProjectConfigurationPlatforms) = postSolution
		{78758B83-A43F-406D-BA1F-137CA651AD63}.Debug|x64.ActiveCfg = Debug|x64
		{78758B83-A43F-406D-BA1F-137CA651AD63}.Debug|x64.Build.0 = Debug|x64
		{78758B83-A43F-406D-BA1F-137CA651AD63}.Debug|x86.ActiveCfg = Debug|Win32
		{78758B83-A43F-406D-BA1F-137CA651AD63}.Debug|x86.Build.0 = Debug|Win32
		{78758B83-A43F-406D-BA1F-137CA651AD63}.Release|x64.ActiveCfg = Release|x64
		{78758B83-A43F-406D-BA1F-137CA651AD63}.Release|x64.Build.0 = Release|x64
		{78758B83-A43F-406D-BA1F-137CA651AD63}.Release|x86.ActiveCfg = Release|Win32
		{78758B83-A43F-406D-BA1F-137CA651AD63}.Release|x86.Build.0 = Release|Win32
		{613A32E0-681F-407F-A54D-3B2DE390E61B}.Debug|x64.ActiveCfg = Debug|x64
		{613A32E0-681F-407F-A54D-3B2DE390E61B}.Debug|x64.Build.0 = Debug|x64
		{613A32E0-681F-407F-A54D-3B2DE390E61B}.Debug|x86.ActiveCfg = Debug|Win32
		{613A32E0-681F-407F-A54D-3B2DE390E61B}.Debug|x86.Build.0 = Debug|Win32
		{613A32E0-681F-407F-A54D-3B2DE390E61B}.Release|x64.ActiveCfg = Release|x64
		{613A32E0-681F-407F-A54D-3B2DE390E61B}.Release|x64.Build.0 = Release|x64
		{613A32E0-681F-407F-A54D-3B2DE390E61B}.Release|x86.ActiveCfg = Release|Win32
		{613A32E0-681F-407F-A54D-3B2DE390E61B}.Release|x86.Build.0 = Release|Win32
	EndGlobalSection
	GlobalSection(SolutionProperties) = preSolution
		HideSolutionNode = FALSE
	EndGlobalSection
	GlobalSection(ExtensibilityGlobals) = postSolution
		SolutionGuid = {FBB53C19-C909-4A69-9E7C-C36CB8F47517}
	EndGlobalSection
EndGlobal
